github.com/Shopify/go-lua v0.0.0-20221004153744-91867de107cf h1:VSUCKpFV0AfYGslgQSRdBI9HCVp1TCXJmScWD0VXL5g=
github.com/Shopify/go-lua v0.0.0-20221004153744-91867de107cf/go.mod h1:UCCi6u6YA8oXfJ15vEMiMGIaWWfLiOacinBPHxLXtEU=
github.com/dgryski/go-bitstream v0.0.0-20180413035011-3522498ce2c8 h1:akOQj8IVgoeFfBTzGOEQakCYshWD6RNo1M5pivFXt70=
github.com/dgryski/go-bitstream v0.0.0-20180413035011-3522498ce2c8/go.mod h1:VMaSuZ+SZcx/wljOQKvp5srsbCiKDEb6K2wC4+PiBmQ=
